// !$*UTF8*$!
{
	archiveVersion = 1;
	classes = {
	};
	objectVersion = 46;
	objects = {

/* Begin PBXBuildFile section */
		C8C0BF821A6729E6009CF9C3 /* AppDelegate.swift in Sources */ = {isa = PBXBuildFile; fileRef = C8C0BF811A6729E6009CF9C3 /* AppDelegate.swift */; };
		C8C0BF841A6729E6009CF9C3 /* ViewController.swift in Sources */ = {isa = PBXBuildFile; fileRef = C8C0BF831A6729E6009CF9C3 /* ViewController.swift */; };
		C8C0BF871A6729E6009CF9C3 /* Main.storyboard in Resources */ = {isa = PBXBuildFile; fileRef = C8C0BF851A6729E6009CF9C3 /* Main.storyboard */; };
		C8C0BF891A6729E6009CF9C3 /* Images.xcassets in Resources */ = {isa = PBXBuildFile; fileRef = C8C0BF881A6729E6009CF9C3 /* Images.xcassets */; };
		C8C0BF8C1A6729E6009CF9C3 /* LaunchScreen.xib in Resources */ = {isa = PBXBuildFile; fileRef = C8C0BF8A1A6729E6009CF9C3 /* LaunchScreen.xib */; };
		C8C0BF981A6729E6009CF9C3 /* Cat_YearsTests.swift in Sources */ = {isa = PBXBuildFile; fileRef = C8C0BF971A6729E6009CF9C3 /* Cat_YearsTests.swift */; };
		C8C0BFAA1A6F7165009CF9C3 /* cat.jpg in Resources */ = {isa = PBXBuildFile; fileRef = C8C0BFA91A6F7165009CF9C3 /* cat.jpg */; };
/* End PBXBuildFile section */

/* Begin PBXContainerItemProxy section */
		C8C0BF921A6729E6009CF9C3 /* PBXContainerItemProxy */ = {
			isa = PBXContainerItemProxy;
			containerPortal = C8C0BF741A6729E6009CF9C3 /* Project object */;
			proxyType = 1;
			remoteGlobalIDString = C8C0BF7B1A6729E6009CF9C3;
			remoteInfo = "Cat Years";
		};
/* End PBXContainerItemProxy section */

/* Begin PBXFileReference section */
		C8C0BF7C1A6729E6009CF9C3 /* Cat Years.app */ = {isa = PBXFileReference; explicitFileType = wrapper.application; includeInIndex = 0; path = "Cat Years.app"; sourceTree = BUILT_PRODUCTS_DIR; };
		C8C0BF801A6729E6009CF9C3 /* Info.plist */ = {isa = PBXFileReference; lastKnownFileType = text.plist.xml; path = Info.plist; sourceTree = "<group>"; };
		C8C0BF811A6729E6009CF9C3 /* AppDelegate.swift */ = {isa = PBXFileReference; lastKnownFileType = sourcecode.swift; path = AppDelegate.swift; sourceTree = "<group>"; };
		C8C0BF831A6729E6009CF9C3 /* ViewController.swift */ = {isa = PBXFileReference; lastKnownFileType = sourcecode.swift; path = ViewController.swift; sourceTree = "<group>"; };
		C8C0BF861A6729E6009CF9C3 /* Base */ = {isa = PBXFileReference; lastKnownFileType = file.storyboard; name = Base; path = Base.lproj/Main.storyboard; sourceTree = "<group>"; };
		C8C0BF881A6729E6009CF9C3 /* Images.xcassets */ = {isa = PBXFileReference; lastKnownFileType = folder.assetcatalog; path = Images.xcassets; sourceTree = "<group>"; };
		C8C0BF8B1A6729E6009CF9C3 /* Base */ = {isa = PBXFileReference; lastKnownFileType = file.xib; name = Base; path = Base.lproj/LaunchScreen.xib; sourceTree = "<group>"; };
		C8C0BF911A6729E6009CF9C3 /* Cat YearsTests.xctest */ = {isa = PBXFileReference; explicitFileType = wrapper.cfbundle; includeInIndex = 0; path = "Cat YearsTests.xctest"; sourceTree = BUILT_PRODUCTS_DIR; };
		C8C0BF961A6729E6009CF9C3 /* Info.plist */ = {isa = PBXFileReference; lastKnownFileType = text.plist.xml; path = Info.plist; sourceTree = "<group>"; };
		C8C0BF971A6729E6009CF9C3 /* Cat_YearsTests.swift */ = {isa = PBXFileReference; lastKnownFileType = sourcecode.swift; path = Cat_YearsTests.swift; sourceTree = "<group>"; };
		C8C0BFA91A6F7165009CF9C3 /* cat.jpg */ = {isa = PBXFileReference; lastKnownFileType = image.jpeg; path = cat.jpg; sourceTree = "<group>"; };
/* End PBXFileReference section */

/* Begin PBXFrameworksBuildPhase section */
		C8C0BF791A6729E6009CF9C3 /* Frameworks */ = {
			isa = PBXFrameworksBuildPhase;
			buildActionMask = 2147483647;
			files = (
			);
			runOnlyForDeploymentPostprocessing = 0;
		};
		C8C0BF8E1A6729E6009CF9C3 /* Frameworks */ = {
			isa = PBXFrameworksBuildPhase;
			buildActionMask = 2147483647;
			files = (
			);
			runOnlyForDeploymentPostprocessing = 0;
		};
/* End PBXFrameworksBuildPhase section */

/* Begin PBXGroup section */
		C8C0BF731A6729E6009CF9C3 = {
			isa = PBXGroup;
			children = (
				C8C0BF7E1A6729E6009CF9C3 /* Cat Years */,
				C8C0BF941A6729E6009CF9C3 /* Cat YearsTests */,
				C8C0BF7D1A6729E6009CF9C3 /* Products */,
			);
			sourceTree = "<group>";
		};
		C8C0BF7D1A6729E6009CF9C3 /* Products */ = {
			isa = PBXGroup;
			children = (
				C8C0BF7C1A6729E6009CF9C3 /* Cat Years.app */,
				C8C0BF911A6729E6009CF9C3 /* Cat YearsTests.xctest */,
			);
			name = Products;
			sourceTree = "<group>";
		};
		C8C0BF7E1A6729E6009CF9C3 /* Cat Years */ = {
			isa = PBXGroup;
			children = (
				C8C0BF811A6729E6009CF9C3 /* AppDelegate.swift */,
				C8C0BF831A6729E6009CF9C3 /* ViewController.swift */,
				C8C0BF851A6729E6009CF9C3 /* Main.storyboard */,
				C8C0BFA91A6F7165009CF9C3 /* cat.jpg */,
				C8C0BF881A6729E6009CF9C3 /* Images.xcassets */,
				C8C0BF8A1A6729E6009CF9C3 /* LaunchScreen.xib */,
				C8C0BF7F1A6729E6009CF9C3 /* Supporting Files */,
			);
			path = "Cat Years";
			sourceTree = "<group>";
		};
		C8C0BF7F1A6729E6009CF9C3 /* Supporting Files */ = {
			isa = PBXGroup;
			children = (
				C8C0BF801A6729E6009CF9C3 /* Info.plist */,
			);
			name = "Supporting Files";
			sourceTree = "<group>";
		};
		C8C0BF941A6729E6009CF9C3 /* Cat YearsTests */ = {
			isa = PBXGroup;
			children = (
				C8C0BF971A6729E6009CF9C3 /* Cat_YearsTests.swift */,
				C8C0BF951A6729E6009CF9C3 /* Supporting Files */,
			);
			path = "Cat YearsTests";
			sourceTree = "<group>";
		};
		C8C0BF951A6729E6009CF9C3 /* Supporting Files */ = {
			isa = PBXGroup;
			children = (
				C8C0BF961A6729E6009CF9C3 /* Info.plist */,
			);
			name = "Supporting Files";
			sourceTree = "<group>";
		};
/* End PBXGroup section */

/* Begin PBXNativeTarget section */
		C8C0BF7B1A6729E6009CF9C3 /* Cat Years */ = {
			isa = PBXNativeTarget;
			buildConfigurationList = C8C0BF9B1A6729E6009CF9C3 /* Build configuration list for PBXNativeTarget "Cat Years" */;
			buildPhases = (
				C8C0BF781A6729E6009CF9C3 /* Sources */,
				C8C0BF791A6729E6009CF9C3 /* Frameworks */,
				C8C0BF7A1A6729E6009CF9C3 /* Resources */,
			);
			buildRules = (
			);
			dependencies = (
			);
			name = "Cat Years";
			productName = "Cat Years";
			productReference = C8C0BF7C1A6729E6009CF9C3 /* Cat Years.app */;
			productType = "com.apple.product-type.application";
		};
		C8C0BF901A6729E6009CF9C3 /* Cat YearsTests */ = {
			isa = PBXNativeTarget;
			buildConfigurationList = C8C0BF9E1A6729E6009CF9C3 /* Build configuration list for PBXNativeTarget "Cat YearsTests" */;
			buildPhases = (
				C8C0BF8D1A6729E6009CF9C3 /* Sources */,
				C8C0BF8E1A6729E6009CF9C3 /* Frameworks */,
				C8C0BF8F1A6729E6009CF9C3 /* Resources */,
			);
			buildRules = (
			);
			dependencies = (
				C8C0BF931A6729E6009CF9C3 /* PBXTargetDependency */,
			);
			name = "Cat YearsTests";
			productName = "Cat YearsTests";
			productReference = C8C0BF911A6729E6009CF9C3 /* Cat YearsTests.xctest */;
			productType = "com.apple.product-type.bundle.unit-test";
		};
/* End PBXNativeTarget section */

/* Begin PBXProject section */
		C8C0BF741A6729E6009CF9C3 /* Project object */ = {
			isa = PBXProject;
			attributes = {
				LastUpgradeCheck = 0610;
				ORGANIZATIONNAME = "Kirby Mekler";
				TargetAttributes = {
					C8C0BF7B1A6729E6009CF9C3 = {
						CreatedOnToolsVersion = 6.1.1;
					};
					C8C0BF901A6729E6009CF9C3 = {
						CreatedOnToolsVersion = 6.1.1;
						TestTargetID = C8C0BF7B1A6729E6009CF9C3;
					};
				};
			};
			buildConfigurationList = C8C0BF771A6729E6009CF9C3 /* Build configuration list for PBXProject "Cat Years" */;
			compatibilityVersion = "Xcode 3.2";
			developmentRegion = English;
			hasScannedForEncodings = 0;
			knownRegions = (
				en,
				Base,
			);
			mainGroup = C8C0BF731A6729E6009CF9C3;
			productRefGroup = C8C0BF7D1A6729E6009CF9C3 /* Products */;
			projectDirPath = "";
			projectRoot = "";
			targets = (
				C8C0BF7B1A6729E6009CF9C3 /* Cat Years */,
				C8C0BF901A6729E6009CF9C3 /* Cat YearsTests */,
			);
		};
/* End PBXProject section */

/* Begin PBXResourcesBuildPhase section */
		C8C0BF7A1A6729E6009CF9C3 /* Resources */ = {
			isa = PBXResourcesBuildPhase;
			buildActionMask = 2147483647;
			files = (
				C8C0BF871A6729E6009CF9C3 /* Main.storyboard in Resources */,
				C8C0BF8C1A6729E6009CF9C3 /* LaunchScreen.xib in Resources */,
				C8C0BFAA1A6F7165009CF9C3 /* cat.jpg in Resources */,
				C8C0BF891A6729E6009CF9C3 /* Images.xcassets in Resources */,
			);
			runOnlyForDeploymentPostprocessing = 0;
		};
		C8C0BF8F1A6729E6009CF9C3 /* Resources */ = {
			isa = PBXResourcesBuildPhase;
			buildActionMask = 2147483647;
			files = (
			);
			runOnlyForDeploymentPostprocessing = 0;
		};
/* End PBXResourcesBuildPhase section */

/* Begin PBXSourcesBuildPhase section */
		C8C0BF781A6729E6009CF9C3 /* Sources */ = {
			isa = PBXSourcesBuildPhase;
			buildActionMask = 2147483647;
			files = (
				C8C0BF841A6729E6009CF9C3 /* ViewController.swift in Sources */,
				C8C0BF821A6729E6009CF9C3 /* AppDelegate.swift in Sources */,
			);
			runOnlyForDeploymentPostprocessing = 0;
		};
		C8C0BF8D1A6729E6009CF9C3 /* Sources */ = {
			isa = PBXSourcesBuildPhase;
			buildActionMask = 2147483647;
			files = (
				C8C0BF981A6729E6009CF9C3 /* Cat_YearsTests.swift in Sources */,
			);
			runOnlyForDeploymentPostprocessing = 0;
		};
/* End PBXSourcesBuildPhase section */

/* Begin PBXTargetDependency section */
		C8C0BF931A6729E6009CF9C3 /* PBXTargetDependency */ = {
			isa = PBXTargetDependency;
			target = C8C0BF7B1A6729E6009CF9C3 /* Cat Years */;
			targetProxy = C8C0BF921A6729E6009CF9C3 /* PBXContainerItemProxy */;
		};
/* End PBXTargetDependency section */

/* Begin PBXVariantGroup section */
		C8C0BF851A6729E6009CF9C3 /* Main.storyboard */ = {
			isa = PBXVariantGroup;
			children = (
				C8C0BF861A6729E6009CF9C3 /* Base */,
			);
			name = Main.storyboard;
			sourceTree = "<group>";
		};
		C8C0BF8A1A6729E6009CF9C3 /* LaunchScreen.xib */ = {
			isa = PBXVariantGroup;
			children = (
				C8C0BF8B1A6729E6009CF9C3 /* Base */,
			);
			name = LaunchScreen.xib;
			sourceTree = "<group>";
		};
/* End PBXVariantGroup section */

/* Begin XCBuildConfiguration section */
		C8C0BF991A6729E6009CF9C3 /* Debug */ = {
			isa = XCBuildConfiguration;
			buildSettings = {
				ALWAYS_SEARCH_USER_PATHS = NO;
				CLANG_CXX_LANGUAGE_STANDARD = "gnu++0x";
				CLANG_CXX_LIBRARY = "libc++";
				CLANG_ENABLE_MODULES = YES;
				CLANG_ENABLE_OBJC_ARC = YES;
				CLANG_WARN_BOOL_CONVERSION = YES;
				CLANG_WARN_CONSTANT_CONVERSION = YES;
				CLANG_WARN_DIRECT_OBJC_ISA_USAGE = YES_ERROR;
				CLANG_WARN_EMPTY_BODY = YES;
				CLANG_WARN_ENUM_CONVERSION = YES;
				CLANG_WARN_INT_CONVERSION = YES;
				CLANG_WARN_OBJC_ROOT_CLASS = YES_ERROR;
				CLANG_WARN_UNREACHABLE_CODE = YES;
				CLANG_WARN__DUPLICATE_METHOD_MATCH = YES;
				"CODE_SIGN_IDENTITY[sdk=iphoneos*]" = "iPhone Developer";
				COPY_PHASE_STRIP = NO;
				ENABLE_STRICT_OBJC_MSGSEND = YES;
				GCC_C_LANGUAGE_STANDARD = gnu99;
				GCC_DYNAMIC_NO_PIC = NO;
				GCC_OPTIMIZATION_LEVEL = 0;
				GCC_PREPROCESSOR_DEFINITIONS = (
					"DEBUG=1",
					"$(inherited)",
				);
				GCC_SYMBOLS_PRIVATE_EXTERN = NO;
				GCC_WARN_64_TO_32_BIT_CONVERSION = YES;
				GCC_WARN_ABOUT_RETURN_TYPE = YES_ERROR;
				GCC_WARN_UNDECLARED_SELECTOR = YES;
				GCC_WARN_UNINITIALIZED_AUTOS = YES_AGGRESSIVE;
				GCC_WARN_UNUSED_FUNCTION = YES;
				GCC_WARN_UNUSED_VARIABLE = YES;
				IPHONEOS_DEPLOYMENT_TARGET = 8.1;
				MTL_ENABLE_DEBUG_INFO = YES;
				ONLY_ACTIVE_ARCH = YES;
				SDKROOT = iphoneos;
				SWIFT_OPTIMIZATION_LEVEL = "-Onone";
			};
			name = Debug;
		};
		C8C0BF9A1A6729E6009CF9C3 /* Release */ = {
			isa = XCBuildConfiguration;
			buildSettings = {
				ALWAYS_SEARCH_USER_PATHS = NO;
				CLANG_CXX_LANGUAGE_STANDARD = "gnu++0x";
				CLANG_CXX_LIBRARY = "libc++";
				CLANG_ENABLE_MODULES = YES;
				CLANG_ENABLE_OBJC_ARC = YES;
				CLANG_WARN_BOOL_CONVERSION = YES;
				CLANG_WARN_CONSTANT_CONVERSION = YES;
				CLANG_WARN_DIRECT_OBJC_ISA_USAGE = YES_ERROR;
				CLANG_WARN_EMPTY_BODY = YES;
				CLANG_WARN_ENUM_CONVERSION = YES;
				CLANG_WARN_INT_CONVERSION = YES;
				CLANG_WARN_OBJC_ROOT_CLASS = YES_ERROR;
				CLANG_WARN_UNREACHABLE_CODE = YES;
				CLANG_WARN__DUPLICATE_METHOD_MATCH = YES;
				"CODE_SIGN_IDENTITY[sdk=iphoneos*]" = "iPhone Developer";
				COPY_PHASE_STRIP = YES;
				ENABLE_NS_ASSERTIONS = NO;
				ENABLE_STRICT_OBJC_MSGSEND = YES;
				GCC_C_LANGUAGE_STANDARD = gnu99;
				GCC_WARN_64_TO_32_BIT_CONVERSION = YES;
				GCC_WARN_ABOUT_RETURN_TYPE = YES_ERROR;
				GCC_WARN_UNDECLARED_SELECTOR = YES;
				GCC_WARN_UNINITIALIZED_AUTOS = YES_AGGRESSIVE;
				GCC_WARN_UNUSED_FUNCTION = YES;
				GCC_WARN_UNUSED_VARIABLE = YES;
				IPHONEOS_DEPLOYMENT_TARGET = 8.1;
				MTL_ENABLE_DEBUG_INFO = NO;
				SDKROOT = iphoneos;
				VALIDATE_PRODUCT = YES;
			};
			name = Release;
		};
		C8C0BF9C1A6729E6009CF9C3 /* Debug */ = {
			isa = XCBuildConfiguration;
			buildSettings = {
				ASSETCATALOG_COMPILER_APPICON_NAME = AppIcon;
				INFOPLIST_FILE = "Cat Years/Info.plist";
				LD_RUNPATH_SEARCH_PATHS = "$(inherited) @executable_path/Frameworks";
				PRODUCT_NAME = "$(TARGET_NAME)";
			};
			name = Debug;
		};
		C8C0BF9D1A6729E6009CF9C3 /* Release */ = {
			isa = XCBuildConfiguration;
			buildSettings = {
				ASSETCATALOG_COMPILER_APPICON_NAME = AppIcon;
				INFOPLIST_FILE = "Cat Years/Info.plist";
				LD_RUNPATH_SEARCH_PATHS = "$(inherited) @executable_path/Frameworks";
				PRODUCT_NAME = "$(TARGET_NAME)";
			};
			name = Release;
		};
		C8C0BF9F1A6729E6009CF9C3 /* Debug */ = {
			isa = XCBuildConfiguration;
			buildSettings = {
				BUNDLE_LOADER = "$(TEST_HOST)";
				FRAMEWORK_SEARCH_PATHS = (
					"$(SDKROOT)/Developer/Library/Frameworks",
					"$(inherited)",
				);
				GCC_PREPROCESSOR_DEFINITIONS = (
					"DEBUG=1",
					"$(inherited)",
				);
				INFOPLIST_FILE = "Cat YearsTests/Info.plist";
				LD_RUNPATH_SEARCH_PATHS = "$(inherited) @executable_path/Frameworks @loader_path/Frameworks";
				PRODUCT_NAME = "$(TARGET_NAME)";
				TEST_HOST = "$(BUILT_PRODUCTS_DIR)/Cat Years.app/Cat Years";
			};
			name = Debug;
		};
		C8C0BFA01A6729E6009CF9C3 /* Release */ = {
			isa = XCBuildConfiguration;
			buildSettings = {
				BUNDLE_LOADER = "$(TEST_HOST)";
				FRAMEWORK_SEARCH_PATHS = (
					"$(SDKROOT)/Developer/Library/Frameworks",
					"$(inherited)",
				);
				INFOPLIST_FILE = "Cat YearsTests/Info.plist";
				LD_RUNPATH_SEARCH_PATHS = "$(inherited) @executable_path/Frameworks @loader_path/Frameworks";
				PRODUCT_NAME = "$(TARGET_NAME)";
				TEST_HOST = "$(BUILT_PRODUCTS_DIR)/Cat Years.app/Cat Years";
			};
			name = Release;
		};
/* End XCBuildConfiguration section */

/* Begin XCConfigurationList section */
		C8C0BF771A6729E6009CF9C3 /* Build configuration list for PBXProject "Cat Years" */ = {
			isa = XCConfigurationList;
			buildConfigurations = (
				C8C0BF991A6729E6009CF9C3 /* Debug */,
				C8C0BF9A1A6729E6009CF9C3 /* Release */,
			);
			defaultConfigurationIsVisible = 0;
			defaultConfigurationName = Release;
		};
		C8C0BF9B1A6729E6009CF9C3 /* Build configuration list for PBXNativeTarget "Cat Years" */ = {
			isa = XCConfigurationList;
			buildConfigurations = (
				C8C0BF9C1A6729E6009CF9C3 /* Debug */,
				C8C0BF9D1A6729E6009CF9C3 /* Release */,
			);
			defaultConfigurationIsVisible = 0;
			defaultConfigurationName = Release;
		};
		C8C0BF9E1A6729E6009CF9C3 /* Build configuration list for PBXNativeTarget "Cat YearsTests" */ = {
			isa = XCConfigurationList;
			buildConfigurations = (
				C8C0BF9F1A6729E6009CF9C3 /* Debug */,
				C8C0BFA01A6729E6009CF9C3 /* Release */,
			);
			defaultConfigurationIsVisible = 0;
			defaultConfigurationName = Release;
		};
/* End XCConfigurationList section */
	};
	rootObject = C8C0BF741A6729E6009CF9C3 /* Project object */;
}
